
Microsoft Visual Studio Solution File, Format Version 12.00
# Visual Studio Version 17
VisualStudioVersion = 17.12.35707.178
MinimumVisualStudioVersion = 10.0.40219.1
Project("{FAE04EC0-301F-11D3-BF4B-00C04F79EFBC}") = "IntermediateProject.API", "IntermediateProject.API\IntermediateProject.API.csproj", "{5DD1F8B4-7A2E-4922-86E0-A5F54D4BA27C}"
EndProject
Project("{FAE04EC0-301F-11D3-BF4B-00C04F79EFBC}") = "IntermediateProject.Application", "IntermediateProject.Application\IntermediateProject.Application.csproj", "{C987348C-044A-42E6-BE07-F45418097A30}"
EndProject
Project("{FAE04EC0-301F-11D3-BF4B-00C04F79EFBC}") = "IntermediateProject.Infrastructure", "IntermediateProject.Infrastructure\IntermediateProject.Infrastructure.csproj", "{2B0B1C09-BC88-4900-952E-506F7002B102}"
EndProject
Project("{FAE04EC0-301F-11D3-BF4B-00C04F79EFBC}") = "IntermediateProject.Domain", "IntermediateProject.Domain\IntermediateProject.Domain.csproj", "{44983D2C-B451-46AA-B8FC-64107FB69DC9}"
EndProject
Global
	GlobalSection(SolutionConfigurationPlatforms) = preSolution
		Debug|Any CPU = Debug|Any CPU
		Release|Any CPU = Release|Any CPU
	EndGlobalSection
	GlobalSection(ProjectConfigurationPlatforms) = postSolution
		{5DD1F8B4-7A2E-4922-86E0-A5F54D4BA27C}.Debug|Any CPU.ActiveCfg = Debug|Any CPU
		{5DD1F8B4-7A2E-4922-86E0-A5F54D4BA27C}.Debug|Any CPU.Build.0 = Debug|Any CPU
		{5DD1F8B4-7A2E-4922-86E0-A5F54D4BA27C}.Release|Any CPU.ActiveCfg = Release|Any CPU
		{5DD1F8B4-7A2E-4922-86E0-A5F54D4BA27C}.Release|Any CPU.Build.0 = Release|Any CPU
		{C987348C-044A-42E6-BE07-F45418097A30}.Debug|Any CPU.ActiveCfg = Debug|Any CPU
		{C987348C-044A-42E6-BE07-F45418097A30}.Debug|Any CPU.Build.0 = Debug|Any CPU
		{C987348C-044A-42E6-BE07-F45418097A30}.Release|Any CPU.ActiveCfg = Release|Any CPU
		{C987348C-044A-42E6-BE07-F45418097A30}.Release|Any CPU.Build.0 = Release|Any CPU
		{2B0B1C09-BC88-4900-952E-506F7002B102}.Debug|Any CPU.ActiveCfg = Debug|Any CPU
		{2B0B1C09-BC88-4900-952E-506F7002B102}.Debug|Any CPU.Build.0 = Debug|Any CPU
		{2B0B1C09-BC88-4900-952E-506F7002B102}.Release|Any CPU.ActiveCfg = Release|Any CPU
		{2B0B1C09-BC88-4900-952E-506F7002B102}.Release|Any CPU.Build.0 = Release|Any CPU
		{44983D2C-B451-46AA-B8FC-64107FB69DC9}.Debug|Any CPU.ActiveCfg = Debug|Any CPU
		{44983D2C-B451-46AA-B8FC-64107FB69DC9}.Debug|Any CPU.Build.0 = Debug|Any CPU
		{44983D2C-B451-46AA-B8FC-64107FB69DC9}.Release|Any CPU.ActiveCfg = Release|Any CPU
		{44983D2C-B451-46AA-B8FC-64107FB69DC9}.Release|Any CPU.Build.0 = Release|Any CPU
	EndGlobalSection
	GlobalSection(SolutionProperties) = preSolution
		HideSolutionNode = FALSE
	EndGlobalSection
EndGlobal
